
Microsoft Visual Studio Solution File, Format Version 12.00
# Visual Studio 15
<<<<<<< HEAD:HW6/Homework6.sln
VisualStudioVersion = 15.0.28010.2050
MinimumVisualStudioVersion = 10.0.40219.1
Project("{FAE04EC0-301F-11D3-BF4B-00C04F79EFBC}") = "Homework6", "Homework6\Homework6.csproj", "{4C070FEE-0A85-4E26-8BD6-09AD14EE2C04}"
=======
VisualStudioVersion = 15.0.28010.2041
MinimumVisualStudioVersion = 10.0.40219.1
Project("{FAE04EC0-301F-11D3-BF4B-00C04F79EFBC}") = "Homework6", "Homework6\Homework6.csproj", "{CAF184A3-0895-4357-9EFB-5B2492E9E0AF}"
>>>>>>> e3e8b607439b4052e72efb63b950527342f9198e:HW6/Homework6.sln
EndProject
Global
	GlobalSection(SolutionConfigurationPlatforms) = preSolution
		Debug|Any CPU = Debug|Any CPU
		Release|Any CPU = Release|Any CPU
	EndGlobalSection
	GlobalSection(ProjectConfigurationPlatforms) = postSolution
<<<<<<< HEAD:HW6/Homework6.sln
		{4C070FEE-0A85-4E26-8BD6-09AD14EE2C04}.Debug|Any CPU.ActiveCfg = Debug|Any CPU
		{4C070FEE-0A85-4E26-8BD6-09AD14EE2C04}.Debug|Any CPU.Build.0 = Debug|Any CPU
		{4C070FEE-0A85-4E26-8BD6-09AD14EE2C04}.Release|Any CPU.ActiveCfg = Release|Any CPU
		{4C070FEE-0A85-4E26-8BD6-09AD14EE2C04}.Release|Any CPU.Build.0 = Release|Any CPU
=======
		{CAF184A3-0895-4357-9EFB-5B2492E9E0AF}.Debug|Any CPU.ActiveCfg = Debug|Any CPU
		{CAF184A3-0895-4357-9EFB-5B2492E9E0AF}.Debug|Any CPU.Build.0 = Debug|Any CPU
		{CAF184A3-0895-4357-9EFB-5B2492E9E0AF}.Release|Any CPU.ActiveCfg = Release|Any CPU
		{CAF184A3-0895-4357-9EFB-5B2492E9E0AF}.Release|Any CPU.Build.0 = Release|Any CPU
>>>>>>> e3e8b607439b4052e72efb63b950527342f9198e:HW6/Homework6.sln
	EndGlobalSection
	GlobalSection(SolutionProperties) = preSolution
		HideSolutionNode = FALSE
	EndGlobalSection
	GlobalSection(ExtensibilityGlobals) = postSolution
<<<<<<< HEAD:HW6/Homework6.sln
		SolutionGuid = {203DBC8C-3647-4B08-A45E-BA98FD82A14C}
=======
		SolutionGuid = {8D8A15A0-9E73-4B8E-A70E-8B2FEC33A805}
>>>>>>> e3e8b607439b4052e72efb63b950527342f9198e:HW6/Homework6.sln
	EndGlobalSection
EndGlobal
