
Microsoft Visual Studio Solution File, Format Version 12.00
# Visual Studio 15
VisualStudioVersion = 15.0.27703.2042
MinimumVisualStudioVersion = 10.0.40219.1
Project("{FAE04EC0-301F-11D3-BF4B-00C04F79EFBC}") = "Homework4", "Homework4\Homework4.csproj", "{F6D7717E-606D-4157-B84B-66693D02746F}"
EndProject
Global
	GlobalSection(SolutionConfigurationPlatforms) = preSolution
		Debug|Any CPU = Debug|Any CPU
		Release|Any CPU = Release|Any CPU
	EndGlobalSection
	GlobalSection(ProjectConfigurationPlatforms) = postSolution
		{F6D7717E-606D-4157-B84B-66693D02746F}.Debug|Any CPU.ActiveCfg = Debug|Any CPU
		{F6D7717E-606D-4157-B84B-66693D02746F}.Debug|Any CPU.Build.0 = Debug|Any CPU
		{F6D7717E-606D-4157-B84B-66693D02746F}.Release|Any CPU.ActiveCfg = Release|Any CPU
		{F6D7717E-606D-4157-B84B-66693D02746F}.Release|Any CPU.Build.0 = Release|Any CPU
	EndGlobalSection
	GlobalSection(SolutionProperties) = preSolution
		HideSolutionNode = FALSE
	EndGlobalSection
	GlobalSection(ExtensibilityGlobals) = postSolution
		SolutionGuid = {A621517A-80F4-4631-A4DB-F883FE1628A3}
	EndGlobalSection
EndGlobal
